
Microsoft Visual Studio Solution File, Format Version 12.00
# Visual Studio 15
VisualStudioVersion = 15.0.26430.16
MinimumVisualStudioVersion = 10.0.40219.1
Project("{8BC9CEB8-8B4A-11D0-8D11-00A0C91BC942}") = "Compressor", "Compressor\Compressor.vcxproj", "{14E6088C-F3CB-4788-ADFC-B570D8DC39B5}"
EndProject
Project("{8BC9CEB8-8B4A-11D0-8D11-00A0C91BC942}") = "Demo", "Demo\Demo.vcxproj", "{BB114C88-18FA-4E3E-9325-30BD7C27D67A}"
EndProject
Global
	GlobalSection(SolutionConfigurationPlatforms) = preSolution
		Crinkler|x64 = Crinkler|x64
		Crinkler|x86 = Crinkler|x86
		Debug|x64 = Debug|x64
		Debug|x86 = Debug|x86
		Release|x64 = Release|x64
		Release|x86 = Release|x86
	EndGlobalSection
	GlobalSection(ProjectConfigurationPlatforms) = postSolution
		{14E6088C-F3CB-4788-ADFC-B570D8DC39B5}.Crinkler|x64.ActiveCfg = Release|x64
		{14E6088C-F3CB-4788-ADFC-B570D8DC39B5}.Crinkler|x64.Build.0 = Release|x64
		{14E6088C-F3CB-4788-ADFC-B570D8DC39B5}.Crinkler|x86.ActiveCfg = Release|Win32
		{14E6088C-F3CB-4788-ADFC-B570D8DC39B5}.Crinkler|x86.Build.0 = Release|Win32
		{14E6088C-F3CB-4788-ADFC-B570D8DC39B5}.Debug|x64.ActiveCfg = Debug|x64
		{14E6088C-F3CB-4788-ADFC-B570D8DC39B5}.Debug|x64.Build.0 = Debug|x64
		{14E6088C-F3CB-4788-ADFC-B570D8DC39B5}.Debug|x86.ActiveCfg = Debug|Win32
		{14E6088C-F3CB-4788-ADFC-B570D8DC39B5}.Debug|x86.Build.0 = Debug|Win32
		{14E6088C-F3CB-4788-ADFC-B570D8DC39B5}.Release|x64.ActiveCfg = Release|x64
		{14E6088C-F3CB-4788-ADFC-B570D8DC39B5}.Release|x64.Build.0 = Release|x64
		{14E6088C-F3CB-4788-ADFC-B570D8DC39B5}.Release|x86.ActiveCfg = Release|Win32
		{14E6088C-F3CB-4788-ADFC-B570D8DC39B5}.Release|x86.Build.0 = Release|Win32
		{BB114C88-18FA-4E3E-9325-30BD7C27D67A}.Crinkler|x64.ActiveCfg = Crinkler|Win32
		{BB114C88-18FA-4E3E-9325-30BD7C27D67A}.Crinkler|x86.ActiveCfg = Crinkler|Win32
		{BB114C88-18FA-4E3E-9325-30BD7C27D67A}.Crinkler|x86.Build.0 = Crinkler|Win32
		{BB114C88-18FA-4E3E-9325-30BD7C27D67A}.Debug|x64.ActiveCfg = Debug|Win32
		{BB114C88-18FA-4E3E-9325-30BD7C27D67A}.Debug|x86.ActiveCfg = Debug|Win32
		{BB114C88-18FA-4E3E-9325-30BD7C27D67A}.Debug|x86.Build.0 = Debug|Win32
		{BB114C88-18FA-4E3E-9325-30BD7C27D67A}.Release|x64.ActiveCfg = Release|Win32
		{BB114C88-18FA-4E3E-9325-30BD7C27D67A}.Release|x86.ActiveCfg = Crinkler|Win32
		{BB114C88-18FA-4E3E-9325-30BD7C27D67A}.Release|x86.Build.0 = Crinkler|Win32
	EndGlobalSection
	GlobalSection(SolutionProperties) = preSolution
		HideSolutionNode = FALSE
	EndGlobalSection
EndGlobal
